
Microsoft Visual Studio Solution File, Format Version 12.00
# Visual Studio Version 17
VisualStudioVersion = 17.0.31903.59
MinimumVisualStudioVersion = 10.0.40219.1
Project("{2150E333-8FDC-42A3-9474-1A3956D46DE8}") = "src", "src", "{7C50392E-34D1-45E0-9604-63F953319CD8}"
EndProject
Project("{FAE04EC0-301F-11D3-BF4B-00C04F79EFBC}") = "AuctionService", "src\AuctionService\AuctionService.csproj", "{5F0CAF68-B014-406A-ACDF-27B3A736F3D3}"
EndProject
Project("{FAE04EC0-301F-11D3-BF4B-00C04F79EFBC}") = "PesquisaService", "src\PesquisaService\PesquisaService.csproj", "{649BDEE2-515A-4011-8F9F-3A61DE756467}"
EndProject
Project("{FAE04EC0-301F-11D3-BF4B-00C04F79EFBC}") = "Contracts", "src\Contracts\Contracts.csproj", "{B32970FD-2C54-45F1-BAAD-8A615E739CBB}"
EndProject
Project("{FAE04EC0-301F-11D3-BF4B-00C04F79EFBC}") = "IdentityService", "src\IdentityService\IdentityService.csproj", "{9974102E-A275-4FE3-9EBD-25633E551B66}"
EndProject
Global
	GlobalSection(SolutionConfigurationPlatforms) = preSolution
		Debug|Any CPU = Debug|Any CPU
		Release|Any CPU = Release|Any CPU
	EndGlobalSection
	GlobalSection(SolutionProperties) = preSolution
		HideSolutionNode = FALSE
	EndGlobalSection
	GlobalSection(ProjectConfigurationPlatforms) = postSolution
		{5F0CAF68-B014-406A-ACDF-27B3A736F3D3}.Debug|Any CPU.ActiveCfg = Debug|Any CPU
		{5F0CAF68-B014-406A-ACDF-27B3A736F3D3}.Debug|Any CPU.Build.0 = Debug|Any CPU
		{5F0CAF68-B014-406A-ACDF-27B3A736F3D3}.Release|Any CPU.ActiveCfg = Release|Any CPU
		{5F0CAF68-B014-406A-ACDF-27B3A736F3D3}.Release|Any CPU.Build.0 = Release|Any CPU
		{649BDEE2-515A-4011-8F9F-3A61DE756467}.Debug|Any CPU.ActiveCfg = Debug|Any CPU
		{649BDEE2-515A-4011-8F9F-3A61DE756467}.Debug|Any CPU.Build.0 = Debug|Any CPU
		{649BDEE2-515A-4011-8F9F-3A61DE756467}.Release|Any CPU.ActiveCfg = Release|Any CPU
		{649BDEE2-515A-4011-8F9F-3A61DE756467}.Release|Any CPU.Build.0 = Release|Any CPU
		{B32970FD-2C54-45F1-BAAD-8A615E739CBB}.Debug|Any CPU.ActiveCfg = Debug|Any CPU
		{B32970FD-2C54-45F1-BAAD-8A615E739CBB}.Debug|Any CPU.Build.0 = Debug|Any CPU
		{B32970FD-2C54-45F1-BAAD-8A615E739CBB}.Release|Any CPU.ActiveCfg = Release|Any CPU
		{B32970FD-2C54-45F1-BAAD-8A615E739CBB}.Release|Any CPU.Build.0 = Release|Any CPU
		{9974102E-A275-4FE3-9EBD-25633E551B66}.Debug|Any CPU.ActiveCfg = Debug|Any CPU
		{9974102E-A275-4FE3-9EBD-25633E551B66}.Debug|Any CPU.Build.0 = Debug|Any CPU
		{9974102E-A275-4FE3-9EBD-25633E551B66}.Release|Any CPU.ActiveCfg = Release|Any CPU
		{9974102E-A275-4FE3-9EBD-25633E551B66}.Release|Any CPU.Build.0 = Release|Any CPU
	EndGlobalSection
	GlobalSection(NestedProjects) = preSolution
		{5F0CAF68-B014-406A-ACDF-27B3A736F3D3} = {7C50392E-34D1-45E0-9604-63F953319CD8}
		{649BDEE2-515A-4011-8F9F-3A61DE756467} = {7C50392E-34D1-45E0-9604-63F953319CD8}
		{B32970FD-2C54-45F1-BAAD-8A615E739CBB} = {7C50392E-34D1-45E0-9604-63F953319CD8}
		{9974102E-A275-4FE3-9EBD-25633E551B66} = {7C50392E-34D1-45E0-9604-63F953319CD8}
	EndGlobalSection
EndGlobal
